// !$*UTF8*$!
{
	archiveVersion = 1;
	classes = {
	};
	objectVersion = 46;
	objects = {

/* Begin PBXBuildFile section */
		6D739C701EDF872500C1A782 /* AppDelegate.swift in Sources */ = {isa = PBXBuildFile; fileRef = 6D739C6F1EDF872500C1A782 /* AppDelegate.swift */; };
		6D739C721EDF872500C1A782 /* ViewController.swift in Sources */ = {isa = PBXBuildFile; fileRef = 6D739C711EDF872500C1A782 /* ViewController.swift */; };
		6D739C751EDF872500C1A782 /* Main.storyboard in Resources */ = {isa = PBXBuildFile; fileRef = 6D739C731EDF872500C1A782 /* Main.storyboard */; };
		6D739C771EDF872500C1A782 /* Assets.xcassets in Resources */ = {isa = PBXBuildFile; fileRef = 6D739C761EDF872500C1A782 /* Assets.xcassets */; };
		6D739C7A1EDF872500C1A782 /* LaunchScreen.storyboard in Resources */ = {isa = PBXBuildFile; fileRef = 6D739C781EDF872500C1A782 /* LaunchScreen.storyboard */; };
		6D739C821EDF8BA600C1A782 /* InputViewController.swift in Sources */ = {isa = PBXBuildFile; fileRef = 6D739C811EDF8BA600C1A782 /* InputViewController.swift */; };
		6D739C841EE25F2D00C1A782 /* Task.swift in Sources */ = {isa = PBXBuildFile; fileRef = 6D739C831EE25F2D00C1A782 /* Task.swift */; };
		EF8AF2E458360817FC3F0F64 /* Pods_taskAppTest01.framework in Frameworks */ = {isa = PBXBuildFile; fileRef = CCE356AEFC65D18183E759BA /* Pods_taskAppTest01.framework */; };
/* End PBXBuildFile section */

/* Begin PBXFileReference section */
		6D739C6C1EDF872500C1A782 /* taskAppTest01.app */ = {isa = PBXFileReference; explicitFileType = wrapper.application; includeInIndex = 0; path = taskAppTest01.app; sourceTree = BUILT_PRODUCTS_DIR; };
		6D739C6F1EDF872500C1A782 /* AppDelegate.swift */ = {isa = PBXFileReference; lastKnownFileType = sourcecode.swift; path = AppDelegate.swift; sourceTree = "<group>"; };
		6D739C711EDF872500C1A782 /* ViewController.swift */ = {isa = PBXFileReference; lastKnownFileType = sourcecode.swift; path = ViewController.swift; sourceTree = "<group>"; };
		6D739C741EDF872500C1A782 /* Base */ = {isa = PBXFileReference; lastKnownFileType = file.storyboard; name = Base; path = Base.lproj/Main.storyboard; sourceTree = "<group>"; };
		6D739C761EDF872500C1A782 /* Assets.xcassets */ = {isa = PBXFileReference; lastKnownFileType = folder.assetcatalog; path = Assets.xcassets; sourceTree = "<group>"; };
		6D739C791EDF872500C1A782 /* Base */ = {isa = PBXFileReference; lastKnownFileType = file.storyboard; name = Base; path = Base.lproj/LaunchScreen.storyboard; sourceTree = "<group>"; };
		6D739C7B1EDF872500C1A782 /* Info.plist */ = {isa = PBXFileReference; lastKnownFileType = text.plist.xml; path = Info.plist; sourceTree = "<group>"; };
		6D739C811EDF8BA600C1A782 /* InputViewController.swift */ = {isa = PBXFileReference; fileEncoding = 4; lastKnownFileType = sourcecode.swift; path = InputViewController.swift; sourceTree = "<group>"; };
		6D739C831EE25F2D00C1A782 /* Task.swift */ = {isa = PBXFileReference; fileEncoding = 4; lastKnownFileType = sourcecode.swift; path = Task.swift; sourceTree = "<group>"; };
		7467E5E24C53568C11DAD06C /* Pods-taskAppTest01.debug.xcconfig */ = {isa = PBXFileReference; includeInIndex = 1; lastKnownFileType = text.xcconfig; name = "Pods-taskAppTest01.debug.xcconfig"; path = "Pods/Target Support Files/Pods-taskAppTest01/Pods-taskAppTest01.debug.xcconfig"; sourceTree = "<group>"; };
		CCE356AEFC65D18183E759BA /* Pods_taskAppTest01.framework */ = {isa = PBXFileReference; explicitFileType = wrapper.framework; includeInIndex = 0; path = Pods_taskAppTest01.framework; sourceTree = BUILT_PRODUCTS_DIR; };
		E68152A8569FCC4856D3624E /* Pods-taskAppTest01.release.xcconfig */ = {isa = PBXFileReference; includeInIndex = 1; lastKnownFileType = text.xcconfig; name = "Pods-taskAppTest01.release.xcconfig"; path = "Pods/Target Support Files/Pods-taskAppTest01/Pods-taskAppTest01.release.xcconfig"; sourceTree = "<group>"; };
/* End PBXFileReference section */

/* Begin PBXFrameworksBuildPhase section */
		6D739C691EDF872500C1A782 /* Frameworks */ = {
			isa = PBXFrameworksBuildPhase;
			buildActionMask = 2147483647;
			files = (
				EF8AF2E458360817FC3F0F64 /* Pods_taskAppTest01.framework in Frameworks */,
			);
			runOnlyForDeploymentPostprocessing = 0;
		};
/* End PBXFrameworksBuildPhase section */

/* Begin PBXGroup section */
		0953EA533871766C41CB5B41 /* Pods */ = {
			isa = PBXGroup;
			children = (
				7467E5E24C53568C11DAD06C /* Pods-taskAppTest01.debug.xcconfig */,
				E68152A8569FCC4856D3624E /* Pods-taskAppTest01.release.xcconfig */,
			);
			name = Pods;
			sourceTree = "<group>";
		};
		0B747A7B46D23BF24220AFD2 /* Frameworks */ = {
			isa = PBXGroup;
			children = (
				CCE356AEFC65D18183E759BA /* Pods_taskAppTest01.framework */,
			);
			name = Frameworks;
			sourceTree = "<group>";
		};
		6D739C631EDF872500C1A782 = {
			isa = PBXGroup;
			children = (
				6D739C6E1EDF872500C1A782 /* taskAppTest01 */,
				6D739C6D1EDF872500C1A782 /* Products */,
				0953EA533871766C41CB5B41 /* Pods */,
				0B747A7B46D23BF24220AFD2 /* Frameworks */,
			);
			sourceTree = "<group>";
		};
		6D739C6D1EDF872500C1A782 /* Products */ = {
			isa = PBXGroup;
			children = (
				6D739C6C1EDF872500C1A782 /* taskAppTest01.app */,
			);
			name = Products;
			sourceTree = "<group>";
		};
		6D739C6E1EDF872500C1A782 /* taskAppTest01 */ = {
			isa = PBXGroup;
			children = (
				6D739C6F1EDF872500C1A782 /* AppDelegate.swift */,
				6D739C711EDF872500C1A782 /* ViewController.swift */,
				6D739C731EDF872500C1A782 /* Main.storyboard */,
				6D739C831EE25F2D00C1A782 /* Task.swift */,
				6D739C811EDF8BA600C1A782 /* InputViewController.swift */,
				6D739C761EDF872500C1A782 /* Assets.xcassets */,
				6D739C781EDF872500C1A782 /* LaunchScreen.storyboard */,
				6D739C7B1EDF872500C1A782 /* Info.plist */,
			);
			path = taskAppTest01;
			sourceTree = "<group>";
		};
/* End PBXGroup section */

/* Begin PBXNativeTarget section */
		6D739C6B1EDF872500C1A782 /* taskAppTest01 */ = {
			isa = PBXNativeTarget;
			buildConfigurationList = 6D739C7E1EDF872500C1A782 /* Build configuration list for PBXNativeTarget "taskAppTest01" */;
			buildPhases = (
				D310670C2782B4262257253F /* [CP] Check Pods Manifest.lock */,
				6D739C681EDF872500C1A782 /* Sources */,
				6D739C691EDF872500C1A782 /* Frameworks */,
				6D739C6A1EDF872500C1A782 /* Resources */,
				3166400C21ADBB5CF896FDB9 /* [CP] Embed Pods Frameworks */,
				3349D9F92EF752D09BE85895 /* [CP] Copy Pods Resources */,
			);
			buildRules = (
			);
			dependencies = (
			);
			name = taskAppTest01;
			productName = taskAppTest01;
			productReference = 6D739C6C1EDF872500C1A782 /* taskAppTest01.app */;
			productType = "com.apple.product-type.application";
		};
/* End PBXNativeTarget section */

/* Begin PBXProject section */
		6D739C641EDF872500C1A782 /* Project object */ = {
			isa = PBXProject;
			attributes = {
				LastSwiftUpdateCheck = 0830;
				LastUpgradeCheck = 0830;
				ORGANIZATIONNAME = tomo_nos;
				TargetAttributes = {
					6D739C6B1EDF872500C1A782 = {
						CreatedOnToolsVersion = 8.3.2;
						DevelopmentTeam = 2866LH44XU;
						ProvisioningStyle = Automatic;
					};
				};
			};
			buildConfigurationList = 6D739C671EDF872500C1A782 /* Build configuration list for PBXProject "taskAppTest01" */;
			compatibilityVersion = "Xcode 3.2";
			developmentRegion = English;
			hasScannedForEncodings = 0;
			knownRegions = (
				en,
				Base,
			);
			mainGroup = 6D739C631EDF872500C1A782;
			productRefGroup = 6D739C6D1EDF872500C1A782 /* Products */;
			projectDirPath = "";
			projectRoot = "";
			targets = (
				6D739C6B1EDF872500C1A782 /* taskAppTest01 */,
			);
		};
/* End PBXProject section */

/* Begin PBXResourcesBuildPhase section */
		6D739C6A1EDF872500C1A782 /* Resources */ = {
			isa = PBXResourcesBuildPhase;
			buildActionMask = 2147483647;
			files = (
				6D739C7A1EDF872500C1A782 /* LaunchScreen.storyboard in Resources */,
				6D739C771EDF872500C1A782 /* Assets.xcassets in Resources */,
				6D739C751EDF872500C1A782 /* Main.storyboard in Resources */,
			);
			runOnlyForDeploymentPostprocessing = 0;
		};
/* End PBXResourcesBuildPhase section */

/* Begin PBXShellScriptBuildPhase section */
		3166400C21ADBB5CF896FDB9 /* [CP] Embed Pods Frameworks */ = {
			isa = PBXShellScriptBuildPhase;
			buildActionMask = 2147483647;
			files = (
			);
			inputPaths = (
			);
			name = "[CP] Embed Pods Frameworks";
			outputPaths = (
			);
			runOnlyForDeploymentPostprocessing = 0;
			shellPath = /bin/sh;
			shellScript = "\"${SRCROOT}/Pods/Target Support Files/Pods-taskAppTest01/Pods-taskAppTest01-frameworks.sh\"\n";
			showEnvVarsInLog = 0;
		};
		3349D9F92EF752D09BE85895 /* [CP] Copy Pods Resources */ = {
			isa = PBXShellScriptBuildPhase;
			buildActionMask = 2147483647;
			files = (
			);
			inputPaths = (
			);
			name = "[CP] Copy Pods Resources";
			outputPaths = (
			);
			runOnlyForDeploymentPostprocessing = 0;
			shellPath = /bin/sh;
			shellScript = "\"${SRCROOT}/Pods/Target Support Files/Pods-taskAppTest01/Pods-taskAppTest01-resources.sh\"\n";
			showEnvVarsInLog = 0;
		};
		D310670C2782B4262257253F /* [CP] Check Pods Manifest.lock */ = {
			isa = PBXShellScriptBuildPhase;
			buildActionMask = 2147483647;
			files = (
			);
			inputPaths = (
			);
			name = "[CP] Check Pods Manifest.lock";
			outputPaths = (
			);
			runOnlyForDeploymentPostprocessing = 0;
			shellPath = /bin/sh;
			shellScript = "diff \"${PODS_ROOT}/../Podfile.lock\" \"${PODS_ROOT}/Manifest.lock\" > /dev/null\nif [ $? != 0 ] ; then\n    # print error to STDERR\n    echo \"error: The sandbox is not in sync with the Podfile.lock. Run 'pod install' or update your CocoaPods installation.\" >&2\n    exit 1\nfi\n";
			showEnvVarsInLog = 0;
		};
/* End PBXShellScriptBuildPhase section */

/* Begin PBXSourcesBuildPhase section */
		6D739C681EDF872500C1A782 /* Sources */ = {
			isa = PBXSourcesBuildPhase;
			buildActionMask = 2147483647;
			files = (
				6D739C841EE25F2D00C1A782 /* Task.swift in Sources */,
				6D739C821EDF8BA600C1A782 /* InputViewController.swift in Sources */,
				6D739C721EDF872500C1A782 /* ViewController.swift in Sources */,
				6D739C701EDF872500C1A782 /* AppDelegate.swift in Sources */,
			);
			runOnlyForDeploymentPostprocessing = 0;
		};
/* End PBXSourcesBuildPhase section */

/* Begin PBXVariantGroup section */
		6D739C731EDF872500C1A782 /* Main.storyboard */ = {
			isa = PBXVariantGroup;
			children = (
				6D739C741EDF872500C1A782 /* Base */,
			);
			name = Main.storyboard;
			sourceTree = "<group>";
		};
		6D739C781EDF872500C1A782 /* LaunchScreen.storyboard */ = {
			isa = PBXVariantGroup;
			children = (
				6D739C791EDF872500C1A782 /* Base */,
			);
			name = LaunchScreen.storyboard;
			sourceTree = "<group>";
		};
/* End PBXVariantGroup section */

/* Begin XCBuildConfiguration section */
		6D739C7C1EDF872500C1A782 /* Debug */ = {
			isa = XCBuildConfiguration;
			buildSettings = {
				ALWAYS_SEARCH_USER_PATHS = NO;
				CLANG_ANALYZER_NONNULL = YES;
				CLANG_ANALYZER_NUMBER_OBJECT_CONVERSION = YES_AGGRESSIVE;
				CLANG_CXX_LANGUAGE_STANDARD = "gnu++0x";
				CLANG_CXX_LIBRARY = "libc++";
				CLANG_ENABLE_MODULES = YES;
				CLANG_ENABLE_OBJC_ARC = YES;
				CLANG_WARN_BOOL_CONVERSION = YES;
				CLANG_WARN_CONSTANT_CONVERSION = YES;
				CLANG_WARN_DIRECT_OBJC_ISA_USAGE = YES_ERROR;
				CLANG_WARN_DOCUMENTATION_COMMENTS = YES;
				CLANG_WARN_EMPTY_BODY = YES;
				CLANG_WARN_ENUM_CONVERSION = YES;
				CLANG_WARN_INFINITE_RECURSION = YES;
				CLANG_WARN_INT_CONVERSION = YES;
				CLANG_WARN_OBJC_ROOT_CLASS = YES_ERROR;
				CLANG_WARN_SUSPICIOUS_MOVE = YES;
				CLANG_WARN_UNREACHABLE_CODE = YES;
				CLANG_WARN__DUPLICATE_METHOD_MATCH = YES;
				"CODE_SIGN_IDENTITY[sdk=iphoneos*]" = "iPhone Developer";
				COPY_PHASE_STRIP = NO;
				DEBUG_INFORMATION_FORMAT = dwarf;
				ENABLE_STRICT_OBJC_MSGSEND = YES;
				ENABLE_TESTABILITY = YES;
				GCC_C_LANGUAGE_STANDARD = gnu99;
				GCC_DYNAMIC_NO_PIC = NO;
				GCC_NO_COMMON_BLOCKS = YES;
				GCC_OPTIMIZATION_LEVEL = 0;
				GCC_PREPROCESSOR_DEFINITIONS = (
					"DEBUG=1",
					"$(inherited)",
				);
				GCC_WARN_64_TO_32_BIT_CONVERSION = YES;
				GCC_WARN_ABOUT_RETURN_TYPE = YES_ERROR;
				GCC_WARN_UNDECLARED_SELECTOR = YES;
				GCC_WARN_UNINITIALIZED_AUTOS = YES_AGGRESSIVE;
				GCC_WARN_UNUSED_FUNCTION = YES;
				GCC_WARN_UNUSED_VARIABLE = YES;
				IPHONEOS_DEPLOYMENT_TARGET = 10.3;
				MTL_ENABLE_DEBUG_INFO = YES;
				ONLY_ACTIVE_ARCH = YES;
				SDKROOT = iphoneos;
				SWIFT_ACTIVE_COMPILATION_CONDITIONS = DEBUG;
				SWIFT_OPTIMIZATION_LEVEL = "-Onone";
			};
			name = Debug;
		};
		6D739C7D1EDF872500C1A782 /* Release */ = {
			isa = XCBuildConfiguration;
			buildSettings = {
				ALWAYS_SEARCH_USER_PATHS = NO;
				CLANG_ANALYZER_NONNULL = YES;
				CLANG_ANALYZER_NUMBER_OBJECT_CONVERSION = YES_AGGRESSIVE;
				CLANG_CXX_LANGUAGE_STANDARD = "gnu++0x";
				CLANG_CXX_LIBRARY = "libc++";
				CLANG_ENABLE_MODULES = YES;
				CLANG_ENABLE_OBJC_ARC = YES;
				CLANG_WARN_BOOL_CONVERSION = YES;
				CLANG_WARN_CONSTANT_CONVERSION = YES;
				CLANG_WARN_DIRECT_OBJC_ISA_USAGE = YES_ERROR;
				CLANG_WARN_DOCUMENTATION_COMMENTS = YES;
				CLANG_WARN_EMPTY_BODY = YES;
				CLANG_WARN_ENUM_CONVERSION = YES;
				CLANG_WARN_INFINITE_RECURSION = YES;
				CLANG_WARN_INT_CONVERSION = YES;
				CLANG_WARN_OBJC_ROOT_CLASS = YES_ERROR;
				CLANG_WARN_SUSPICIOUS_MOVE = YES;
				CLANG_WARN_UNREACHABLE_CODE = YES;
				CLANG_WARN__DUPLICATE_METHOD_MATCH = YES;
				"CODE_SIGN_IDENTITY[sdk=iphoneos*]" = "iPhone Developer";
				COPY_PHASE_STRIP = NO;
				DEBUG_INFORMATION_FORMAT = "dwarf-with-dsym";
				ENABLE_NS_ASSERTIONS = NO;
				ENABLE_STRICT_OBJC_MSGSEND = YES;
				GCC_C_LANGUAGE_STANDARD = gnu99;
				GCC_NO_COMMON_BLOCKS = YES;
				GCC_WARN_64_TO_32_BIT_CONVERSION = YES;
				GCC_WARN_ABOUT_RETURN_TYPE = YES_ERROR;
				GCC_WARN_UNDECLARED_SELECTOR = YES;
				GCC_WARN_UNINITIALIZED_AUTOS = YES_AGGRESSIVE;
				GCC_WARN_UNUSED_FUNCTION = YES;
				GCC_WARN_UNUSED_VARIABLE = YES;
				IPHONEOS_DEPLOYMENT_TARGET = 10.3;
				MTL_ENABLE_DEBUG_INFO = NO;
				SDKROOT = iphoneos;
				SWIFT_OPTIMIZATION_LEVEL = "-Owholemodule";
				VALIDATE_PRODUCT = YES;
			};
			name = Release;
		};
		6D739C7F1EDF872500C1A782 /* Debug */ = {
			isa = XCBuildConfiguration;
			baseConfigurationReference = 7467E5E24C53568C11DAD06C /* Pods-taskAppTest01.debug.xcconfig */;
			buildSettings = {
				ASSETCATALOG_COMPILER_APPICON_NAME = AppIcon;
				DEVELOPMENT_TEAM = 2866LH44XU;
				INFOPLIST_FILE = taskAppTest01/Info.plist;
				LD_RUNPATH_SEARCH_PATHS = "$(inherited) @executable_path/Frameworks";
				PRODUCT_BUNDLE_IDENTIFIER = "jp.kda-graph.taskAppTest01";
				PRODUCT_NAME = "$(TARGET_NAME)";
				SWIFT_VERSION = 3.0;
			};
			name = Debug;
		};
		6D739C801EDF872500C1A782 /* Release */ = {
			isa = XCBuildConfiguration;
			baseConfigurationReference = E68152A8569FCC4856D3624E /* Pods-taskAppTest01.release.xcconfig */;
			buildSettings = {
				ASSETCATALOG_COMPILER_APPICON_NAME = AppIcon;
				DEVELOPMENT_TEAM = 2866LH44XU;
				INFOPLIST_FILE = taskAppTest01/Info.plist;
				LD_RUNPATH_SEARCH_PATHS = "$(inherited) @executable_path/Frameworks";
				PRODUCT_BUNDLE_IDENTIFIER = "jp.kda-graph.taskAppTest01";
				PRODUCT_NAME = "$(TARGET_NAME)";
				SWIFT_VERSION = 3.0;
			};
			name = Release;
		};
/* End XCBuildConfiguration section */

/* Begin XCConfigurationList section */
		6D739C671EDF872500C1A782 /* Build configuration list for PBXProject "taskAppTest01" */ = {
			isa = XCConfigurationList;
			buildConfigurations = (
				6D739C7C1EDF872500C1A782 /* Debug */,
				6D739C7D1EDF872500C1A782 /* Release */,
			);
			defaultConfigurationIsVisible = 0;
			defaultConfigurationName = Release;
		};
		6D739C7E1EDF872500C1A782 /* Build configuration list for PBXNativeTarget "taskAppTest01" */ = {
			isa = XCConfigurationList;
			buildConfigurations = (
				6D739C7F1EDF872500C1A782 /* Debug */,
				6D739C801EDF872500C1A782 /* Release */,
			);
			defaultConfigurationIsVisible = 0;
			defaultConfigurationName = Release;
		};
/* End XCConfigurationList section */
	};
	rootObject = 6D739C641EDF872500C1A782 /* Project object */;
}
